// !$*UTF8*$!
{
	archiveVersion = 1;
	classes = {
	};
	objectVersion = 46;
	objects = {

/* Begin PBXBuildFile section */
		524ACD951DF16708003B511A /* main.m in Sources */ = {isa = PBXBuildFile; fileRef = 524ACD941DF16708003B511A /* main.m */; };
		524ACD981DF16708003B511A /* AppDelegate.m in Sources */ = {isa = PBXBuildFile; fileRef = 524ACD971DF16708003B511A /* AppDelegate.m */; };
		524ACD9B1DF16708003B511A /* ViewController.m in Sources */ = {isa = PBXBuildFile; fileRef = 524ACD9A1DF16708003B511A /* ViewController.m */; };
		524ACD9E1DF16708003B511A /* Main.storyboard in Resources */ = {isa = PBXBuildFile; fileRef = 524ACD9C1DF16708003B511A /* Main.storyboard */; };
		524ACDA01DF16708003B511A /* Assets.xcassets in Resources */ = {isa = PBXBuildFile; fileRef = 524ACD9F1DF16708003B511A /* Assets.xcassets */; };
		524ACDA31DF16708003B511A /* LaunchScreen.storyboard in Resources */ = {isa = PBXBuildFile; fileRef = 524ACDA11DF16708003B511A /* LaunchScreen.storyboard */; };
		524ACDAE1DF16708003B511A /* Block______Tests.m in Sources */ = {isa = PBXBuildFile; fileRef = 524ACDAD1DF16708003B511A /* Block______Tests.m */; };
		524ACDB91DF16708003B511A /* Block______UITests.m in Sources */ = {isa = PBXBuildFile; fileRef = 524ACDB81DF16708003B511A /* Block______UITests.m */; };
		524ACDC81DF16736003B511A /* TwoViewController.m in Sources */ = {isa = PBXBuildFile; fileRef = 524ACDC71DF16736003B511A /* TwoViewController.m */; };
/* End PBXBuildFile section */

/* Begin PBXContainerItemProxy section */
		524ACDAA1DF16708003B511A /* PBXContainerItemProxy */ = {
			isa = PBXContainerItemProxy;
			containerPortal = 524ACD881DF16708003B511A /* Project object */;
			proxyType = 1;
			remoteGlobalIDString = 524ACD8F1DF16708003B511A;
			remoteInfo = "Block反向-方法传";
		};
		524ACDB51DF16708003B511A /* PBXContainerItemProxy */ = {
			isa = PBXContainerItemProxy;
			containerPortal = 524ACD881DF16708003B511A /* Project object */;
			proxyType = 1;
			remoteGlobalIDString = 524ACD8F1DF16708003B511A;
			remoteInfo = "Block反向-方法传";
		};
/* End PBXContainerItemProxy section */

/* Begin PBXFileReference section */
		524ACD901DF16708003B511A /* Block反向-方法传.app */ = {isa = PBXFileReference; explicitFileType = wrapper.application; includeInIndex = 0; path = "Block反向-方法传.app"; sourceTree = BUILT_PRODUCTS_DIR; };
		524ACD941DF16708003B511A /* main.m */ = {isa = PBXFileReference; lastKnownFileType = sourcecode.c.objc; path = main.m; sourceTree = "<group>"; };
		524ACD961DF16708003B511A /* AppDelegate.h */ = {isa = PBXFileReference; lastKnownFileType = sourcecode.c.h; path = AppDelegate.h; sourceTree = "<group>"; };
		524ACD971DF16708003B511A /* AppDelegate.m */ = {isa = PBXFileReference; lastKnownFileType = sourcecode.c.objc; path = AppDelegate.m; sourceTree = "<group>"; };
		524ACD991DF16708003B511A /* ViewController.h */ = {isa = PBXFileReference; lastKnownFileType = sourcecode.c.h; path = ViewController.h; sourceTree = "<group>"; };
		524ACD9A1DF16708003B511A /* ViewController.m */ = {isa = PBXFileReference; lastKnownFileType = sourcecode.c.objc; path = ViewController.m; sourceTree = "<group>"; };
		524ACD9D1DF16708003B511A /* Base */ = {isa = PBXFileReference; lastKnownFileType = file.storyboard; name = Base; path = Base.lproj/Main.storyboard; sourceTree = "<group>"; };
		524ACD9F1DF16708003B511A /* Assets.xcassets */ = {isa = PBXFileReference; lastKnownFileType = folder.assetcatalog; path = Assets.xcassets; sourceTree = "<group>"; };
		524ACDA21DF16708003B511A /* Base */ = {isa = PBXFileReference; lastKnownFileType = file.storyboard; name = Base; path = Base.lproj/LaunchScreen.storyboard; sourceTree = "<group>"; };
		524ACDA41DF16708003B511A /* Info.plist */ = {isa = PBXFileReference; lastKnownFileType = text.plist.xml; path = Info.plist; sourceTree = "<group>"; };
		524ACDA91DF16708003B511A /* Block反向-方法传Tests.xctest */ = {isa = PBXFileReference; explicitFileType = wrapper.cfbundle; includeInIndex = 0; path = "Block反向-方法传Tests.xctest"; sourceTree = BUILT_PRODUCTS_DIR; };
		524ACDAD1DF16708003B511A /* Block______Tests.m */ = {isa = PBXFileReference; lastKnownFileType = sourcecode.c.objc; path = "Block______Tests.m"; sourceTree = "<group>"; };
		524ACDAF1DF16708003B511A /* Info.plist */ = {isa = PBXFileReference; lastKnownFileType = text.plist.xml; path = Info.plist; sourceTree = "<group>"; };
		524ACDB41DF16708003B511A /* Block反向-方法传UITests.xctest */ = {isa = PBXFileReference; explicitFileType = wrapper.cfbundle; includeInIndex = 0; path = "Block反向-方法传UITests.xctest"; sourceTree = BUILT_PRODUCTS_DIR; };
		524ACDB81DF16708003B511A /* Block______UITests.m */ = {isa = PBXFileReference; lastKnownFileType = sourcecode.c.objc; path = "Block______UITests.m"; sourceTree = "<group>"; };
		524ACDBA1DF16708003B511A /* Info.plist */ = {isa = PBXFileReference; lastKnownFileType = text.plist.xml; path = Info.plist; sourceTree = "<group>"; };
		524ACDC61DF16736003B511A /* TwoViewController.h */ = {isa = PBXFileReference; fileEncoding = 4; lastKnownFileType = sourcecode.c.h; path = TwoViewController.h; sourceTree = "<group>"; };
		524ACDC71DF16736003B511A /* TwoViewController.m */ = {isa = PBXFileReference; fileEncoding = 4; lastKnownFileType = sourcecode.c.objc; path = TwoViewController.m; sourceTree = "<group>"; };
/* End PBXFileReference section */

/* Begin PBXFrameworksBuildPhase section */
		524ACD8D1DF16708003B511A /* Frameworks */ = {
			isa = PBXFrameworksBuildPhase;
			buildActionMask = 2147483647;
			files = (
			);
			runOnlyForDeploymentPostprocessing = 0;
		};
		524ACDA61DF16708003B511A /* Frameworks */ = {
			isa = PBXFrameworksBuildPhase;
			buildActionMask = 2147483647;
			files = (
			);
			runOnlyForDeploymentPostprocessing = 0;
		};
		524ACDB11DF16708003B511A /* Frameworks */ = {
			isa = PBXFrameworksBuildPhase;
			buildActionMask = 2147483647;
			files = (
			);
			runOnlyForDeploymentPostprocessing = 0;
		};
/* End PBXFrameworksBuildPhase section */

/* Begin PBXGroup section */
		524ACD871DF16708003B511A = {
			isa = PBXGroup;
			children = (
				524ACD921DF16708003B511A /* Block反向-方法传 */,
				524ACDAC1DF16708003B511A /* Block反向-方法传Tests */,
				524ACDB71DF16708003B511A /* Block反向-方法传UITests */,
				524ACD911DF16708003B511A /* Products */,
			);
			sourceTree = "<group>";
		};
		524ACD911DF16708003B511A /* Products */ = {
			isa = PBXGroup;
			children = (
				524ACD901DF16708003B511A /* Block反向-方法传.app */,
				524ACDA91DF16708003B511A /* Block反向-方法传Tests.xctest */,
				524ACDB41DF16708003B511A /* Block反向-方法传UITests.xctest */,
			);
			name = Products;
			sourceTree = "<group>";
		};
		524ACD921DF16708003B511A /* Block反向-方法传 */ = {
			isa = PBXGroup;
			children = (
				524ACD961DF16708003B511A /* AppDelegate.h */,
				524ACD971DF16708003B511A /* AppDelegate.m */,
				524ACD991DF16708003B511A /* ViewController.h */,
				524ACD9A1DF16708003B511A /* ViewController.m */,
				524ACDC61DF16736003B511A /* TwoViewController.h */,
				524ACDC71DF16736003B511A /* TwoViewController.m */,
				524ACD9C1DF16708003B511A /* Main.storyboard */,
				524ACD9F1DF16708003B511A /* Assets.xcassets */,
				524ACDA11DF16708003B511A /* LaunchScreen.storyboard */,
				524ACDA41DF16708003B511A /* Info.plist */,
				524ACD931DF16708003B511A /* Supporting Files */,
			);
			path = "Block反向-方法传";
			sourceTree = "<group>";
		};
		524ACD931DF16708003B511A /* Supporting Files */ = {
			isa = PBXGroup;
			children = (
				524ACD941DF16708003B511A /* main.m */,
			);
			name = "Supporting Files";
			sourceTree = "<group>";
		};
		524ACDAC1DF16708003B511A /* Block反向-方法传Tests */ = {
			isa = PBXGroup;
			children = (
				524ACDAD1DF16708003B511A /* Block______Tests.m */,
				524ACDAF1DF16708003B511A /* Info.plist */,
			);
			path = "Block反向-方法传Tests";
			sourceTree = "<group>";
		};
		524ACDB71DF16708003B511A /* Block反向-方法传UITests */ = {
			isa = PBXGroup;
			children = (
				524ACDB81DF16708003B511A /* Block______UITests.m */,
				524ACDBA1DF16708003B511A /* Info.plist */,
			);
			path = "Block反向-方法传UITests";
			sourceTree = "<group>";
		};
/* End PBXGroup section */

/* Begin PBXNativeTarget section */
		524ACD8F1DF16708003B511A /* Block反向-方法传 */ = {
			isa = PBXNativeTarget;
			buildConfigurationList = 524ACDBD1DF16708003B511A /* Build configuration list for PBXNativeTarget "Block反向-方法传" */;
			buildPhases = (
				524ACD8C1DF16708003B511A /* Sources */,
				524ACD8D1DF16708003B511A /* Frameworks */,
				524ACD8E1DF16708003B511A /* Resources */,
			);
			buildRules = (
			);
			dependencies = (
			);
			name = "Block反向-方法传";
			productName = "Block反向-方法传";
			productReference = 524ACD901DF16708003B511A /* Block反向-方法传.app */;
			productType = "com.apple.product-type.application";
		};
		524ACDA81DF16708003B511A /* Block反向-方法传Tests */ = {
			isa = PBXNativeTarget;
			buildConfigurationList = 524ACDC01DF16708003B511A /* Build configuration list for PBXNativeTarget "Block反向-方法传Tests" */;
			buildPhases = (
				524ACDA51DF16708003B511A /* Sources */,
				524ACDA61DF16708003B511A /* Frameworks */,
				524ACDA71DF16708003B511A /* Resources */,
			);
			buildRules = (
			);
			dependencies = (
				524ACDAB1DF16708003B511A /* PBXTargetDependency */,
			);
			name = "Block反向-方法传Tests";
			productName = "Block反向-方法传Tests";
			productReference = 524ACDA91DF16708003B511A /* Block反向-方法传Tests.xctest */;
			productType = "com.apple.product-type.bundle.unit-test";
		};
		524ACDB31DF16708003B511A /* Block反向-方法传UITests */ = {
			isa = PBXNativeTarget;
			buildConfigurationList = 524ACDC31DF16708003B511A /* Build configuration list for PBXNativeTarget "Block反向-方法传UITests" */;
			buildPhases = (
				524ACDB01DF16708003B511A /* Sources */,
				524ACDB11DF16708003B511A /* Frameworks */,
				524ACDB21DF16708003B511A /* Resources */,
			);
			buildRules = (
			);
			dependencies = (
				524ACDB61DF16708003B511A /* PBXTargetDependency */,
			);
			name = "Block反向-方法传UITests";
			productName = "Block反向-方法传UITests";
			productReference = 524ACDB41DF16708003B511A /* Block反向-方法传UITests.xctest */;
			productType = "com.apple.product-type.bundle.ui-testing";
		};
/* End PBXNativeTarget section */

/* Begin PBXProject section */
		524ACD881DF16708003B511A /* Project object */ = {
			isa = PBXProject;
			attributes = {
				LastUpgradeCheck = 0810;
				ORGANIZATIONNAME = "栾高垒";
				TargetAttributes = {
					524ACD8F1DF16708003B511A = {
						CreatedOnToolsVersion = 8.1;
						DevelopmentTeam = WYR42E4EX2;
						ProvisioningStyle = Automatic;
					};
					524ACDA81DF16708003B511A = {
						CreatedOnToolsVersion = 8.1;
						DevelopmentTeam = WYR42E4EX2;
						ProvisioningStyle = Automatic;
						TestTargetID = 524ACD8F1DF16708003B511A;
					};
					524ACDB31DF16708003B511A = {
						CreatedOnToolsVersion = 8.1;
						DevelopmentTeam = WYR42E4EX2;
						ProvisioningStyle = Automatic;
						TestTargetID = 524ACD8F1DF16708003B511A;
					};
				};
			};
			buildConfigurationList = 524ACD8B1DF16708003B511A /* Build configuration list for PBXProject "Block反向-方法传" */;
			compatibilityVersion = "Xcode 3.2";
			developmentRegion = English;
			hasScannedForEncodings = 0;
			knownRegions = (
				en,
				Base,
			);
			mainGroup = 524ACD871DF16708003B511A;
			productRefGroup = 524ACD911DF16708003B511A /* Products */;
			projectDirPath = "";
			projectRoot = "";
			targets = (
				524ACD8F1DF16708003B511A /* Block反向-方法传 */,
				524ACDA81DF16708003B511A /* Block反向-方法传Tests */,
				524ACDB31DF16708003B511A /* Block反向-方法传UITests */,
			);
		};
/* End PBXProject section */

/* Begin PBXResourcesBuildPhase section */
		524ACD8E1DF16708003B511A /* Resources */ = {
			isa = PBXResourcesBuildPhase;
			buildActionMask = 2147483647;
			files = (
				524ACDA31DF16708003B511A /* LaunchScreen.storyboard in Resources */,
				524ACDA01DF16708003B511A /* Assets.xcassets in Resources */,
				524ACD9E1DF16708003B511A /* Main.storyboard in Resources */,
			);
			runOnlyForDeploymentPostprocessing = 0;
		};
		524ACDA71DF16708003B511A /* Resources */ = {
			isa = PBXResourcesBuildPhase;
			buildActionMask = 2147483647;
			files = (
			);
			runOnlyForDeploymentPostprocessing = 0;
		};
		524ACDB21DF16708003B511A /* Resources */ = {
			isa = PBXResourcesBuildPhase;
			buildActionMask = 2147483647;
			files = (
			);
			runOnlyForDeploymentPostprocessing = 0;
		};
/* End PBXResourcesBuildPhase section */

/* Begin PBXSourcesBuildPhase section */
		524ACD8C1DF16708003B511A /* Sources */ = {
			isa = PBXSourcesBuildPhase;
			buildActionMask = 2147483647;
			files = (
				524ACD9B1DF16708003B511A /* ViewController.m in Sources */,
				524ACD981DF16708003B511A /* AppDelegate.m in Sources */,
				524ACD951DF16708003B511A /* main.m in Sources */,
				524ACDC81DF16736003B511A /* TwoViewController.m in Sources */,
			);
			runOnlyForDeploymentPostprocessing = 0;
		};
		524ACDA51DF16708003B511A /* Sources */ = {
			isa = PBXSourcesBuildPhase;
			buildActionMask = 2147483647;
			files = (
				524ACDAE1DF16708003B511A /* Block______Tests.m in Sources */,
			);
			runOnlyForDeploymentPostprocessing = 0;
		};
		524ACDB01DF16708003B511A /* Sources */ = {
			isa = PBXSourcesBuildPhase;
			buildActionMask = 2147483647;
			files = (
				524ACDB91DF16708003B511A /* Block______UITests.m in Sources */,
			);
			runOnlyForDeploymentPostprocessing = 0;
		};
/* End PBXSourcesBuildPhase section */

/* Begin PBXTargetDependency section */
		524ACDAB1DF16708003B511A /* PBXTargetDependency */ = {
			isa = PBXTargetDependency;
			target = 524ACD8F1DF16708003B511A /* Block反向-方法传 */;
			targetProxy = 524ACDAA1DF16708003B511A /* PBXContainerItemProxy */;
		};
		524ACDB61DF16708003B511A /* PBXTargetDependency */ = {
			isa = PBXTargetDependency;
			target = 524ACD8F1DF16708003B511A /* Block反向-方法传 */;
			targetProxy = 524ACDB51DF16708003B511A /* PBXContainerItemProxy */;
		};
/* End PBXTargetDependency section */

/* Begin PBXVariantGroup section */
		524ACD9C1DF16708003B511A /* Main.storyboard */ = {
			isa = PBXVariantGroup;
			children = (
				524ACD9D1DF16708003B511A /* Base */,
			);
			name = Main.storyboard;
			sourceTree = "<group>";
		};
		524ACDA11DF16708003B511A /* LaunchScreen.storyboard */ = {
			isa = PBXVariantGroup;
			children = (
				524ACDA21DF16708003B511A /* Base */,
			);
			name = LaunchScreen.storyboard;
			sourceTree = "<group>";
		};
/* End PBXVariantGroup section */

/* Begin XCBuildConfiguration section */
		524ACDBB1DF16708003B511A /* Debug */ = {
			isa = XCBuildConfiguration;
			buildSettings = {
				ALWAYS_SEARCH_USER_PATHS = NO;
				CLANG_ANALYZER_NONNULL = YES;
				CLANG_CXX_LANGUAGE_STANDARD = "gnu++0x";
				CLANG_CXX_LIBRARY = "libc++";
				CLANG_ENABLE_MODULES = YES;
				CLANG_ENABLE_OBJC_ARC = YES;
				CLANG_WARN_BOOL_CONVERSION = YES;
				CLANG_WARN_CONSTANT_CONVERSION = YES;
				CLANG_WARN_DIRECT_OBJC_ISA_USAGE = YES_ERROR;
				CLANG_WARN_DOCUMENTATION_COMMENTS = YES;
				CLANG_WARN_EMPTY_BODY = YES;
				CLANG_WARN_ENUM_CONVERSION = YES;
				CLANG_WARN_INFINITE_RECURSION = YES;
				CLANG_WARN_INT_CONVERSION = YES;
				CLANG_WARN_OBJC_ROOT_CLASS = YES_ERROR;
				CLANG_WARN_SUSPICIOUS_MOVES = YES;
				CLANG_WARN_UNREACHABLE_CODE = YES;
				CLANG_WARN__DUPLICATE_METHOD_MATCH = YES;
				"CODE_SIGN_IDENTITY[sdk=iphoneos*]" = "iPhone Developer";
				COPY_PHASE_STRIP = NO;
				DEBUG_INFORMATION_FORMAT = dwarf;
				ENABLE_STRICT_OBJC_MSGSEND = YES;
				ENABLE_TESTABILITY = YES;
				GCC_C_LANGUAGE_STANDARD = gnu99;
				GCC_DYNAMIC_NO_PIC = NO;
				GCC_NO_COMMON_BLOCKS = YES;
				GCC_OPTIMIZATION_LEVEL = 0;
				GCC_PREPROCESSOR_DEFINITIONS = (
					"DEBUG=1",
					"$(inherited)",
				);
				GCC_WARN_64_TO_32_BIT_CONVERSION = YES;
				GCC_WARN_ABOUT_RETURN_TYPE = YES_ERROR;
				GCC_WARN_UNDECLARED_SELECTOR = YES;
				GCC_WARN_UNINITIALIZED_AUTOS = YES_AGGRESSIVE;
				GCC_WARN_UNUSED_FUNCTION = YES;
				GCC_WARN_UNUSED_VARIABLE = YES;
				IPHONEOS_DEPLOYMENT_TARGET = 10.1;
				MTL_ENABLE_DEBUG_INFO = YES;
				ONLY_ACTIVE_ARCH = YES;
				SDKROOT = iphoneos;
				TARGETED_DEVICE_FAMILY = "1,2";
			};
			name = Debug;
		};
		524ACDBC1DF16708003B511A /* Release */ = {
			isa = XCBuildConfiguration;
			buildSettings = {
				ALWAYS_SEARCH_USER_PATHS = NO;
				CLANG_ANALYZER_NONNULL = YES;
				CLANG_CXX_LANGUAGE_STANDARD = "gnu++0x";
				CLANG_CXX_LIBRARY = "libc++";
				CLANG_ENABLE_MODULES = YES;
				CLANG_ENABLE_OBJC_ARC = YES;
				CLANG_WARN_BOOL_CONVERSION = YES;
				CLANG_WARN_CONSTANT_CONVERSION = YES;
				CLANG_WARN_DIRECT_OBJC_ISA_USAGE = YES_ERROR;
				CLANG_WARN_DOCUMENTATION_COMMENTS = YES;
				CLANG_WARN_EMPTY_BODY = YES;
				CLANG_WARN_ENUM_CONVERSION = YES;
				CLANG_WARN_INFINITE_RECURSION = YES;
				CLANG_WARN_INT_CONVERSION = YES;
				CLANG_WARN_OBJC_ROOT_CLASS = YES_ERROR;
				CLANG_WARN_SUSPICIOUS_MOVES = YES;
				CLANG_WARN_UNREACHABLE_CODE = YES;
				CLANG_WARN__DUPLICATE_METHOD_MATCH = YES;
				"CODE_SIGN_IDENTITY[sdk=iphoneos*]" = "iPhone Developer";
				COPY_PHASE_STRIP = NO;
				DEBUG_INFORMATION_FORMAT = "dwarf-with-dsym";
				ENABLE_NS_ASSERTIONS = NO;
				ENABLE_STRICT_OBJC_MSGSEND = YES;
				GCC_C_LANGUAGE_STANDARD = gnu99;
				GCC_NO_COMMON_BLOCKS = YES;
				GCC_WARN_64_TO_32_BIT_CONVERSION = YES;
				GCC_WARN_ABOUT_RETURN_TYPE = YES_ERROR;
				GCC_WARN_UNDECLARED_SELECTOR = YES;
				GCC_WARN_UNINITIALIZED_AUTOS = YES_AGGRESSIVE;
				GCC_WARN_UNUSED_FUNCTION = YES;
				GCC_WARN_UNUSED_VARIABLE = YES;
				IPHONEOS_DEPLOYMENT_TARGET = 10.1;
				MTL_ENABLE_DEBUG_INFO = NO;
				SDKROOT = iphoneos;
				TARGETED_DEVICE_FAMILY = "1,2";
				VALIDATE_PRODUCT = YES;
			};
			name = Release;
		};
		524ACDBE1DF16708003B511A /* Debug */ = {
			isa = XCBuildConfiguration;
			buildSettings = {
				ASSETCATALOG_COMPILER_APPICON_NAME = AppIcon;
				DEVELOPMENT_TEAM = WYR42E4EX2;
				INFOPLIST_FILE = "Block反向-方法传/Info.plist";
				LD_RUNPATH_SEARCH_PATHS = "$(inherited) @executable_path/Frameworks";
				PRODUCT_BUNDLE_IDENTIFIER = "com.lgl.Block------";
				PRODUCT_NAME = "$(TARGET_NAME)";
			};
			name = Debug;
		};
		524ACDBF1DF16708003B511A /* Release */ = {
			isa = XCBuildConfiguration;
			buildSettings = {
				ASSETCATALOG_COMPILER_APPICON_NAME = AppIcon;
				DEVELOPMENT_TEAM = WYR42E4EX2;
				INFOPLIST_FILE = "Block反向-方法传/Info.plist";
				LD_RUNPATH_SEARCH_PATHS = "$(inherited) @executable_path/Frameworks";
				PRODUCT_BUNDLE_IDENTIFIER = "com.lgl.Block------";
				PRODUCT_NAME = "$(TARGET_NAME)";
			};
			name = Release;
		};
		524ACDC11DF16708003B511A /* Debug */ = {
			isa = XCBuildConfiguration;
			buildSettings = {
				BUNDLE_LOADER = "$(TEST_HOST)";
				DEVELOPMENT_TEAM = WYR42E4EX2;
				INFOPLIST_FILE = "Block反向-方法传Tests/Info.plist";
				LD_RUNPATH_SEARCH_PATHS = "$(inherited) @executable_path/Frameworks @loader_path/Frameworks";
				PRODUCT_BUNDLE_IDENTIFIER = "com.lgl.Block------Tests";
				PRODUCT_NAME = "$(TARGET_NAME)";
				TEST_HOST = "$(BUILT_PRODUCTS_DIR)/Block反向-方法传.app/Block反向-方法传";
			};
			name = Debug;
		};
		524ACDC21DF16708003B511A /* Release */ = {
			isa = XCBuildConfiguration;
			buildSettings = {
				BUNDLE_LOADER = "$(TEST_HOST)";
				DEVELOPMENT_TEAM = WYR42E4EX2;
				INFOPLIST_FILE = "Block反向-方法传Tests/Info.plist";
				LD_RUNPATH_SEARCH_PATHS = "$(inherited) @executable_path/Frameworks @loader_path/Frameworks";
				PRODUCT_BUNDLE_IDENTIFIER = "com.lgl.Block------Tests";
				PRODUCT_NAME = "$(TARGET_NAME)";
				TEST_HOST = "$(BUILT_PRODUCTS_DIR)/Block反向-方法传.app/Block反向-方法传";
			};
			name = Release;
		};
		524ACDC41DF16708003B511A /* Debug */ = {
			isa = XCBuildConfiguration;
			buildSettings = {
				DEVELOPMENT_TEAM = WYR42E4EX2;
				INFOPLIST_FILE = "Block反向-方法传UITests/Info.plist";
				LD_RUNPATH_SEARCH_PATHS = "$(inherited) @executable_path/Frameworks @loader_path/Frameworks";
				PRODUCT_BUNDLE_IDENTIFIER = "com.lgl.Block------UITests";
				PRODUCT_NAME = "$(TARGET_NAME)";
				TEST_TARGET_NAME = "Block反向-方法传";
			};
			name = Debug;
		};
		524ACDC51DF16708003B511A /* Release */ = {
			isa = XCBuildConfiguration;
			buildSettings = {
				DEVELOPMENT_TEAM = WYR42E4EX2;
				INFOPLIST_FILE = "Block反向-方法传UITests/Info.plist";
				LD_RUNPATH_SEARCH_PATHS = "$(inherited) @executable_path/Frameworks @loader_path/Frameworks";
				PRODUCT_BUNDLE_IDENTIFIER = "com.lgl.Block------UITests";
				PRODUCT_NAME = "$(TARGET_NAME)";
				TEST_TARGET_NAME = "Block反向-方法传";
			};
			name = Release;
		};
/* End XCBuildConfiguration section */

/* Begin XCConfigurationList section */
		524ACD8B1DF16708003B511A /* Build configuration list for PBXProject "Block反向-方法传" */ = {
			isa = XCConfigurationList;
			buildConfigurations = (
				524ACDBB1DF16708003B511A /* Debug */,
				524ACDBC1DF16708003B511A /* Release */,
			);
			defaultConfigurationIsVisible = 0;
			defaultConfigurationName = Release;
		};
		524ACDBD1DF16708003B511A /* Build configuration list for PBXNativeTarget "Block反向-方法传" */ = {
			isa = XCConfigurationList;
			buildConfigurations = (
				524ACDBE1DF16708003B511A /* Debug */,
				524ACDBF1DF16708003B511A /* Release */,
			);
			defaultConfigurationIsVisible = 0;
		};
		524ACDC01DF16708003B511A /* Build configuration list for PBXNativeTarget "Block反向-方法传Tests" */ = {
			isa = XCConfigurationList;
			buildConfigurations = (
				524ACDC11DF16708003B511A /* Debug */,
				524ACDC21DF16708003B511A /* Release */,
			);
			defaultConfigurationIsVisible = 0;
		};
		524ACDC31DF16708003B511A /* Build configuration list for PBXNativeTarget "Block反向-方法传UITests" */ = {
			isa = XCConfigurationList;
			buildConfigurations = (
				524ACDC41DF16708003B511A /* Debug */,
				524ACDC51DF16708003B511A /* Release */,
			);
			defaultConfigurationIsVisible = 0;
		};
/* End XCConfigurationList section */
	};
	rootObject = 524ACD881DF16708003B511A /* Project object */;
}
